Microsoft Visual Studio Solution File, Format Version 12.00
# Visual Studio Version 17
VisualStudioVersion = 17.5.2.0
MinimumVisualStudioVersion = 10.0.40219.1
Project("{FAE04EC0-301F-11D3-BF4B-00C04F79EFBC}") = "windows-apple-music-info", "windows-apple-music-info.csproj", "{300BF75E-FD41-F4E1-1ABF-83F560F33F30}"
EndProject
Global
	GlobalSection(SolutionConfigurationPlatforms) = preSolution
		Debug|Any CPU = Debug|Any CPU
		Release|Any CPU = Release|Any CPU
	EndGlobalSection
	GlobalSection(ProjectConfigurationPlatforms) = postSolution
		{300BF75E-FD41-F4E1-1ABF-83F560F33F30}.Debug|Any CPU.ActiveCfg = Debug|Any CPU
		{300BF75E-FD41-F4E1-1ABF-83F560F33F30}.Debug|Any CPU.Build.0 = Debug|Any CPU
		{300BF75E-FD41-F4E1-1ABF-83F560F33F30}.Release|Any CPU.ActiveCfg = Release|Any CPU
		{300BF75E-FD41-F4E1-1ABF-83F560F33F30}.Release|Any CPU.Build.0 = Release|Any CPU
	EndGlobalSection
	GlobalSection(SolutionProperties) = preSolution
		HideSolutionNode = FALSE
	EndGlobalSection
	GlobalSection(ExtensibilityGlobals) = postSolution
		SolutionGuid = {8C0FEC77-58E5-408A-8842-787C8EC6FAB1}
	EndGlobalSection
EndGlobal
